
Microsoft Visual Studio Solution File, Format Version 12.00
# Visual Studio 15
VisualStudioVersion = 15.0.27130.2027
MinimumVisualStudioVersion = 10.0.40219.1
Project("{FAE04EC0-301F-11D3-BF4B-00C04F79EFBC}") = "OpenFireFox", "OpenFireFox\OpenFireFox.csproj", "{1CFD0E82-EB6D-46D7-9D72-6151536F17D1}"
EndProject
Global
	GlobalSection(SolutionConfigurationPlatforms) = preSolution
		Debug|Any CPU = Debug|Any CPU
		Release|Any CPU = Release|Any CPU
	EndGlobalSection
	GlobalSection(ProjectConfigurationPlatforms) = postSolution
		{1CFD0E82-EB6D-46D7-9D72-6151536F17D1}.Debug|Any CPU.ActiveCfg = Debug|Any CPU
		{1CFD0E82-EB6D-46D7-9D72-6151536F17D1}.Debug|Any CPU.Build.0 = Debug|Any CPU
		{1CFD0E82-EB6D-46D7-9D72-6151536F17D1}.Release|Any CPU.ActiveCfg = Release|Any CPU
		{1CFD0E82-EB6D-46D7-9D72-6151536F17D1}.Release|Any CPU.Build.0 = Release|Any CPU
	EndGlobalSection
	GlobalSection(SolutionProperties) = preSolution
		HideSolutionNode = FALSE
	EndGlobalSection
	GlobalSection(ExtensibilityGlobals) = postSolution
		SolutionGuid = {181D3450-E456-4BD4-8670-D3A7487B2C4D}
	EndGlobalSection
EndGlobal
